Microsoft Visual Studio Solution File, Format Version 12.00
# Visual Studio 15
VisualStudioVersion = 15.0.26430.6
MinimumVisualStudioVersion = 15.0.26124.0
Project("{2150E333-8FDC-42A3-9474-1A3956D46DE8}") = "src", "src", "{D97C297C-8A53-41CE-90AA-F61FB199C700}"
EndProject
Project("{FAE04EC0-301F-11D3-BF4B-00C04F79EFBC}") = "GitLabApi", "src\GitLabApi\GitLabApi.csproj", "{918C8E6B-739A-4EAC-8933-BAF7B18F2F95}"
EndProject
Project("{2150E333-8FDC-42A3-9474-1A3956D46DE8}") = "test", "test", "{6A06886E-7709-4320-BC0C-61F1FFEB47F3}"
EndProject
Project("{FAE04EC0-301F-11D3-BF4B-00C04F79EFBC}") = "GitLabApi.Test", "test\GitLabApi.Test\GitLabApi.Test.csproj", "{AC657314-691D-4853-BFC8-28373C118366}"
EndProject
Global
	GlobalSection(SolutionConfigurationPlatforms) = preSolution
		Debug|Any CPU = Debug|Any CPU
		Debug|x64 = Debug|x64
		Debug|x86 = Debug|x86
		Release|Any CPU = Release|Any CPU
		Release|x64 = Release|x64
		Release|x86 = Release|x86
	EndGlobalSection
	GlobalSection(ProjectConfigurationPlatforms) = postSolution
		{918C8E6B-739A-4EAC-8933-BAF7B18F2F95}.Debug|Any CPU.ActiveCfg = Debug|Any CPU
		{918C8E6B-739A-4EAC-8933-BAF7B18F2F95}.Debug|Any CPU.Build.0 = Debug|Any CPU
		{918C8E6B-739A-4EAC-8933-BAF7B18F2F95}.Debug|x64.ActiveCfg = Debug|Any CPU
		{918C8E6B-739A-4EAC-8933-BAF7B18F2F95}.Debug|x64.Build.0 = Debug|Any CPU
		{918C8E6B-739A-4EAC-8933-BAF7B18F2F95}.Debug|x86.ActiveCfg = Debug|Any CPU
		{918C8E6B-739A-4EAC-8933-BAF7B18F2F95}.Debug|x86.Build.0 = Debug|Any CPU
		{918C8E6B-739A-4EAC-8933-BAF7B18F2F95}.Release|Any CPU.ActiveCfg = Release|Any CPU
		{918C8E6B-739A-4EAC-8933-BAF7B18F2F95}.Release|Any CPU.Build.0 = Release|Any CPU
		{918C8E6B-739A-4EAC-8933-BAF7B18F2F95}.Release|x64.ActiveCfg = Release|Any CPU
		{918C8E6B-739A-4EAC-8933-BAF7B18F2F95}.Release|x64.Build.0 = Release|Any CPU
		{918C8E6B-739A-4EAC-8933-BAF7B18F2F95}.Release|x86.ActiveCfg = Release|Any CPU
		{918C8E6B-739A-4EAC-8933-BAF7B18F2F95}.Release|x86.Build.0 = Release|Any CPU
		{AC657314-691D-4853-BFC8-28373C118366}.Debug|Any CPU.ActiveCfg = Debug|Any CPU
		{AC657314-691D-4853-BFC8-28373C118366}.Debug|Any CPU.Build.0 = Debug|Any CPU
		{AC657314-691D-4853-BFC8-28373C118366}.Debug|x64.ActiveCfg = Debug|Any CPU
		{AC657314-691D-4853-BFC8-28373C118366}.Debug|x64.Build.0 = Debug|Any CPU
		{AC657314-691D-4853-BFC8-28373C118366}.Debug|x86.ActiveCfg = Debug|Any CPU
		{AC657314-691D-4853-BFC8-28373C118366}.Debug|x86.Build.0 = Debug|Any CPU
		{AC657314-691D-4853-BFC8-28373C118366}.Release|Any CPU.ActiveCfg = Release|Any CPU
		{AC657314-691D-4853-BFC8-28373C118366}.Release|Any CPU.Build.0 = Release|Any CPU
		{AC657314-691D-4853-BFC8-28373C118366}.Release|x64.ActiveCfg = Release|Any CPU
		{AC657314-691D-4853-BFC8-28373C118366}.Release|x64.Build.0 = Release|Any CPU
		{AC657314-691D-4853-BFC8-28373C118366}.Release|x86.ActiveCfg = Release|Any CPU
		{AC657314-691D-4853-BFC8-28373C118366}.Release|x86.Build.0 = Release|Any CPU
	EndGlobalSection
	GlobalSection(SolutionProperties) = preSolution
		HideSolutionNode = FALSE
	EndGlobalSection
	GlobalSection(NestedProjects) = preSolution
		{918C8E6B-739A-4EAC-8933-BAF7B18F2F95} = {D97C297C-8A53-41CE-90AA-F61FB199C700}
		{AC657314-691D-4853-BFC8-28373C118366} = {6A06886E-7709-4320-BC0C-61F1FFEB47F3}
	EndGlobalSection
EndGlobal
